
Microsoft Visual Studio Solution File, Format Version 12.00
# Visual Studio 15
VisualStudioVersion = 15.0.26403.7
MinimumVisualStudioVersion = 10.0.40219.1
Project("{FAE04EC0-301F-11D3-BF4B-00C04F79EFBC}") = "roz3", "roz3\roz3.csproj", "{5169A6B4-6CA6-47AC-9E8D-22D70C16818D}"
EndProject
Global
	GlobalSection(SolutionConfigurationPlatforms) = preSolution
		Debug|Any CPU = Debug|Any CPU
		Release|Any CPU = Release|Any CPU
	EndGlobalSection
	GlobalSection(ProjectConfigurationPlatforms) = postSolution
		{5169A6B4-6CA6-47AC-9E8D-22D70C16818D}.Debug|Any CPU.ActiveCfg = Debug|Any CPU
		{5169A6B4-6CA6-47AC-9E8D-22D70C16818D}.Debug|Any CPU.Build.0 = Debug|Any CPU
		{5169A6B4-6CA6-47AC-9E8D-22D70C16818D}.Release|Any CPU.ActiveCfg = Release|Any CPU
		{5169A6B4-6CA6-47AC-9E8D-22D70C16818D}.Release|Any CPU.Build.0 = Release|Any CPU
	EndGlobalSection
	GlobalSection(SolutionProperties) = preSolution
		HideSolutionNode = FALSE
	EndGlobalSection
EndGlobal
